# This file is automatically @generated by Cargo.
# It is not intended for manual editing.
#
version = 3

[[package]]
name = "aes"
version = "0.9.0-pre.2"
source = "registry+https://github.com/rust-lang/crates.io-index"
checksum = "e7856582c758ade85d71daf27ec6bcea6c1c73913692b07b8dffea2dc03531c9"
dependencies = [
 "cfg-if",
 "cipher",
 "cpufeatures",
]

[[package]]
name = "aes-kw"
version = "0.3.0-pre"
dependencies = [
 "aes",
 "const-oid",
 "hex-literal 0.3.4",
]

[[package]]
name = "belt-block"
version = "0.2.0-pre.2"
source = "registry+https://github.com/rust-lang/crates.io-index"
checksum = "6df0a14d60362d7b6041d3fe85dfd787ced16c4928f93d72152142c67d01d0bc"
dependencies = [
 "cipher",
]

[[package]]
name = "belt-kwp"
version = "0.0.0"
dependencies = [
 "belt-block",
 "hex-literal 0.4.1",
]

[[package]]
name = "cfg-if"
version = "1.0.0"
source = "registry+https://github.com/rust-lang/crates.io-index"
checksum = "baf1de4339761588bc0619e3cbc0120ee582ebb74b53b4efbf79117bd2da40fd"

[[package]]
name = "cipher"
version = "0.5.0-pre.7"
source = "registry+https://github.com/rust-lang/crates.io-index"
checksum = "5b1425e6ce000f05a73096556cabcfb6a10a3ffe3bb4d75416ca8f00819c0b6a"
dependencies = [
 "crypto-common",
 "inout",
]

[[package]]
name = "const-oid"
version = "0.10.0-rc.3"
source = "registry+https://github.com/rust-lang/crates.io-index"
checksum = "68ff6be19477a1bd5441f382916a89bc2a0b2c35db6d41e0f6e8538bf6d6463f"

[[package]]
name = "cpufeatures"
version = "0.2.14"
source = "registry+https://github.com/rust-lang/crates.io-index"
checksum = "608697df725056feaccfa42cffdaeeec3fccc4ffc38358ecd19b243e716a78e0"
dependencies = [
 "libc",
]

[[package]]
name = "crypto-common"
version = "0.2.0-rc.1"
source = "registry+https://github.com/rust-lang/crates.io-index"
checksum = "b0b8ce8218c97789f16356e7896b3714f26c2ee1079b79c0b7ae7064bb9089fa"
dependencies = [
 "hybrid-array",
]

[[package]]
name = "hex-literal"
version = "0.3.4"
source = "registry+https://github.com/rust-lang/crates.io-index"
checksum = "7ebdb29d2ea9ed0083cd8cece49bbd968021bd99b0849edb4a9a7ee0fdf6a4e0"

[[package]]
name = "hex-literal"
version = "0.4.1"
source = "registry+https://github.com/rust-lang/crates.io-index"
checksum = "6fe2267d4ed49bc07b63801559be28c718ea06c4738b7a03c94df7386d2cde46"

[[package]]
name = "hybrid-array"
version = "0.2.1"
source = "registry+https://github.com/rust-lang/crates.io-index"
checksum = "45a9a965bb102c1c891fb017c09a05c965186b1265a207640f323ddd009f9deb"
dependencies = [
 "typenum",
]

[[package]]
name = "inout"
version = "0.2.0-rc.2"
source = "registry+https://github.com/rust-lang/crates.io-index"
checksum = "14db49369b2c3f15deb5806de446e05c7f07a2d778b54b278c994fcd1d686f31"
dependencies = [
 "hybrid-array",
]

[[package]]
name = "libc"
version = "0.2.161"
source = "registry+https://github.com/rust-lang/crates.io-index"
checksum = "8e9489c2807c139ffd9c1794f4af0ebe86a828db53ecdc7fea2111d0fed085d1"

[[package]]
name = "typenum"
version = "1.17.0"
source = "registry+https://github.com/rust-lang/crates.io-index"
checksum = "42ff0bf0c66b8238c6f3b578df37d0b7848e55df8577b3f74f92a69acceeb825"
