# This file is automatically @generated by Cargo.
# It is not intended for manual editing.
#
version = 4

[[package]]
name = "aes"
version = "0.9.0-rc.1"
source = "registry+https://github.com/rust-lang/crates.io-index"
checksum = "7e713c57c2a2b19159e7be83b9194600d7e8eb3b7c2cd67e671adf47ce189a05"
dependencies = [
 "cfg-if",
 "cipher",
 "cpufeatures",
]

[[package]]
name = "aes-kw"
version = "0.3.0-rc.1"
dependencies = [
 "aes",
 "const-oid",
 "hex-literal",
]

[[package]]
name = "belt-block"
version = "0.2.0-rc.1"
source = "registry+https://github.com/rust-lang/crates.io-index"
checksum = "c4bbddee901eea0f5448cfcc94ea6390d0ee0f3ca8d0308fe34e37553f856640"
dependencies = [
 "cipher",
]

[[package]]
name = "belt-kwp"
version = "0.1.0-rc.0"
dependencies = [
 "belt-block",
 "hex-literal",
]

[[package]]
name = "cfg-if"
version = "1.0.0"
source = "registry+https://github.com/rust-lang/crates.io-index"
checksum = "baf1de4339761588bc0619e3cbc0120ee582ebb74b53b4efbf79117bd2da40fd"

[[package]]
name = "cipher"
version = "0.5.0-rc.1"
source = "registry+https://github.com/rust-lang/crates.io-index"
checksum = "1e12a13eb01ded5d32ee9658d94f553a19e804204f2dc811df69ab4d9e0cb8c7"
dependencies = [
 "crypto-common",
 "inout",
]

[[package]]
name = "const-oid"
version = "0.10.0"
source = "registry+https://github.com/rust-lang/crates.io-index"
checksum = "1cb3c4a0d3776f7535c32793be81d6d5fec0d48ac70955d9834e643aa249a52f"

[[package]]
name = "cpufeatures"
version = "0.2.14"
source = "registry+https://github.com/rust-lang/crates.io-index"
checksum = "608697df725056feaccfa42cffdaeeec3fccc4ffc38358ecd19b243e716a78e0"
dependencies = [
 "libc",
]

[[package]]
name = "crypto-common"
version = "0.2.0-rc.4"
source = "registry+https://github.com/rust-lang/crates.io-index"
checksum = "6a8235645834fbc6832939736ce2f2d08192652269e11010a6240f61b908a1c6"
dependencies = [
 "hybrid-array",
]

[[package]]
name = "hex-literal"
version = "1.0.0"
source = "registry+https://github.com/rust-lang/crates.io-index"
checksum = "bcaaec4551594c969335c98c903c1397853d4198408ea609190f420500f6be71"

[[package]]
name = "hybrid-array"
version = "0.4.0"
source = "registry+https://github.com/rust-lang/crates.io-index"
checksum = "6fe39a812f039072707ce38020acbab2f769087952eddd9e2b890f37654b2349"
dependencies = [
 "typenum",
]

[[package]]
name = "inout"
version = "0.2.0-rc.6"
source = "registry+https://github.com/rust-lang/crates.io-index"
checksum = "1603f76010ff924b616c8f44815a42eb10fb0b93d308b41deaa8da6d4251fd4b"
dependencies = [
 "hybrid-array",
]

[[package]]
name = "libc"
version = "0.2.161"
source = "registry+https://github.com/rust-lang/crates.io-index"
checksum = "8e9489c2807c139ffd9c1794f4af0ebe86a828db53ecdc7fea2111d0fed085d1"

[[package]]
name = "typenum"
version = "1.17.0"
source = "registry+https://github.com/rust-lang/crates.io-index"
checksum = "42ff0bf0c66b8238c6f3b578df37d0b7848e55df8577b3f74f92a69acceeb825"
